
Microsoft Visual Studio Solution File, Format Version 12.00
# Visual Studio Version 17
VisualStudioVersion = 17.7.34031.279
MinimumVisualStudioVersion = 10.0.40219.1
Project("{FAE04EC0-301F-11D3-BF4B-00C04F79EFBC}") = "AbshirCharity", "AbshirCharity\AbshirCharity.csproj", "{B807D54C-A84C-469E-B78B-E9027FF7C580}"
EndProject
Global
	GlobalSection(SolutionConfigurationPlatforms) = preSolution
		Debug|Any CPU = Debug|Any CPU
		Release|Any CPU = Release|Any CPU
	EndGlobalSection
	GlobalSection(ProjectConfigurationPlatforms) = postSolution
		{B807D54C-A84C-469E-B78B-E9027FF7C580}.Debug|Any CPU.ActiveCfg = Debug|Any CPU
		{B807D54C-A84C-469E-B78B-E9027FF7C580}.Debug|Any CPU.Build.0 = Debug|Any CPU
		{B807D54C-A84C-469E-B78B-E9027FF7C580}.Release|Any CPU.ActiveCfg = Release|Any CPU
		{B807D54C-A84C-469E-B78B-E9027FF7C580}.Release|Any CPU.Build.0 = Release|Any CPU
	EndGlobalSection
	GlobalSection(SolutionProperties) = preSolution
		HideSolutionNode = FALSE
	EndGlobalSection
	GlobalSection(ExtensibilityGlobals) = postSolution
		SolutionGuid = {0DF53FFB-16A8-4E5B-9134-321F1BE70C32}
	EndGlobalSection
EndGlobal
